
Microsoft Visual Studio Solution File, Format Version 12.00
# Visual Studio 2012
Project("{F2A71F9B-5D33-465A-A702-920D77279786}") = "FSharp-Cascalog", "ConsoleApplication1\FSharp-Cascalog.fsproj", "{F2AC2C5C-6D9B-48EF-AC29-DCE902CD12B3}"
EndProject
Global
	GlobalSection(SolutionConfigurationPlatforms) = preSolution
		Debug|Any CPU = Debug|Any CPU
		Release|Any CPU = Release|Any CPU
	EndGlobalSection
	GlobalSection(ProjectConfigurationPlatforms) = postSolution
		{F2AC2C5C-6D9B-48EF-AC29-DCE902CD12B3}.Debug|Any CPU.ActiveCfg = Debug|Any CPU
		{F2AC2C5C-6D9B-48EF-AC29-DCE902CD12B3}.Debug|Any CPU.Build.0 = Debug|Any CPU
		{F2AC2C5C-6D9B-48EF-AC29-DCE902CD12B3}.Release|Any CPU.ActiveCfg = Release|Any CPU
		{F2AC2C5C-6D9B-48EF-AC29-DCE902CD12B3}.Release|Any CPU.Build.0 = Release|Any CPU
	EndGlobalSection
	GlobalSection(SolutionProperties) = preSolution
		HideSolutionNode = FALSE
	EndGlobalSection
EndGlobal
